<?xml version="1.0" encoding="utf-8"?>
<Project ToolsVersion="4.0" xmlns="http://schemas.microsoft.com/developer/msbuild/2003">
  <ItemGroup>
    <Filter Include="Quelldateien">
      <UniqueIdentifier>{4FC737F1-C7A5-4376-A066-2A32D752A2FF}</UniqueIdentifier>
      <Extensions>cpp;c;cc;cxx;def;odl;idl;hpj;bat;asm;asmx</Extensions>
    </Filter>
    <Filter Include="Headerdateien">
      <UniqueIdentifier>{93995380-89BD-4b04-88EB-625FBE52EBFB}</UniqueIdentifier>
      <Extensions>h;hpp;hxx;hm;inl;inc;xsd</Extensions>
    </Filter>
    <Filter Include="Ressourcendateien">
      <UniqueIdentifier>{67DA6AB6-F800-4c08-8B7A-83BB121AAD01}</UniqueIdentifier>
      <Extensions>rc;ico;cur;bmp;dlg;rc2;rct;bin;rgs;gif;jpg;jpeg;jpe;resx;tiff;tif;png;wav;mfcribbon-ms</Extensions>
    </Filter>
    <Filter Include="Depth Estimation">
      <UniqueIdentifier>{8ca800a0-89d8-4bfe-8dcd-eb546c9f7123}</UniqueIdentifier>
    </Filter>
    <Filter Include="Image Rendering">
      <UniqueIdentifier>{e7385dd3-1cad-4b11-813a-5405493ce295}</UniqueIdentifier>
    </Filter>
    <Filter Include="Light Field">
      <UniqueIdentifier>{c56f5a11-08e9-475a-a89f-60d3e7db6e4c}</UniqueIdentifier>
    </Filter>
    <Filter Include="MRF 2.2 %28lib%29">
      <UniqueIdentifier>{53ea366d-e99f-4ef5-9c68-d40191973f2b}</UniqueIdentifier>
    </Filter>
    <Filter Include="Depth Map Fusion">
      <UniqueIdentifier>{252dae1e-9569-49ca-994a-3d4f93102f70}</UniqueIdentifier>
    </Filter>
  </ItemGroup>
  <ItemGroup>
    <ClCompile Include="main.cpp">
      <Filter>Quelldateien</Filter>
    </ClCompile>
    <ClCompile Include="Util.cpp">
      <Filter>Quelldateien</Filter>
    </ClCompile>
    <ClCompile Include="libs\MRF2.2\BP-S.cpp">
      <Filter>MRF 2.2 %28lib%29</Filter>
    </ClCompile>
    <ClCompile Include="libs\MRF2.2\GCoptimization.cpp">
      <Filter>MRF 2.2 %28lib%29</Filter>
    </ClCompile>
    <ClCompile Include="libs\MRF2.2\graph.cpp">
      <Filter>MRF 2.2 %28lib%29</Filter>
    </ClCompile>
    <ClCompile Include="libs\MRF2.2\ICM.cpp">
      <Filter>MRF 2.2 %28lib%29</Filter>
    </ClCompile>
    <ClCompile Include="libs\MRF2.2\LinkedBlockList.cpp">
      <Filter>MRF 2.2 %28lib%29</Filter>
    </ClCompile>
    <ClCompile Include="libs\MRF2.2\maxflow.cpp">
      <Filter>MRF 2.2 %28lib%29</Filter>
    </ClCompile>
    <ClCompile Include="libs\MRF2.2\MaxProdBP.cpp">
      <Filter>MRF 2.2 %28lib%29</Filter>
    </ClCompile>
    <ClCompile Include="libs\MRF2.2\mrf.cpp">
      <Filter>MRF 2.2 %28lib%29</Filter>
    </ClCompile>
    <ClCompile Include="libs\MRF2.2\regions-maxprod.cpp">
      <Filter>MRF 2.2 %28lib%29</Filter>
    </ClCompile>
    <ClCompile Include="libs\MRF2.2\TRW-S.cpp">
      <Filter>MRF 2.2 %28lib%29</Filter>
    </ClCompile>
    <ClCompile Include="LfpLoader.cpp">
      <Filter>Light Field</Filter>
    </ClCompile>
    <ClCompile Include="LightFieldPicture.cpp">
      <Filter>Light Field</Filter>
    </ClCompile>
    <ClCompile Include="lfpsplitter.c">
      <Filter>Light Field</Filter>
    </ClCompile>
    <ClCompile Include="ImageRenderer1.cpp">
      <Filter>Image Rendering</Filter>
    </ClCompile>
    <ClCompile Include="CDCDepthEstimator.cpp">
      <Filter>Depth Estimation</Filter>
    </ClCompile>
    <ClCompile Include="DepthEstimator1.cpp">
      <Filter>Depth Estimation</Filter>
    </ClCompile>
    <ClCompile Include="DepthEstimator.cpp">
      <Filter>Depth Estimation</Filter>
    </ClCompile>
    <ClCompile Include="StereoBMDisparityEstimator.cpp">
      <Filter>Depth Estimation</Filter>
    </ClCompile>
    <ClCompile Include="RGBDMerger.cpp">
      <Filter>Depth Map Fusion</Filter>
    </ClCompile>
    <ClCompile Include="RGBDMerger1.cpp">
      <Filter>Depth Map Fusion</Filter>
    </ClCompile>
    <ClCompile Include="ImageRenderer.cpp">
      <Filter>Image Rendering</Filter>
    </ClCompile>
    <ClCompile Include="ImageRenderer2.cpp">
      <Filter>Image Rendering</Filter>
    </ClCompile>
    <ClCompile Include="ImageRenderer3.cpp">
      <Filter>Image Rendering</Filter>
    </ClCompile>
    <ClCompile Include="NormalDistribution.cpp">
      <Filter>Image Rendering</Filter>
    </ClCompile>
  </ItemGroup>
  <ItemGroup>
    <ClInclude Include="Util.h">
      <Filter>Headerdateien</Filter>
    </ClInclude>
    <ClInclude Include="libs\MRF2.2\block.h">
      <Filter>MRF 2.2 %28lib%29</Filter>
    </ClInclude>
    <ClInclude Include="libs\MRF2.2\BP-S.h">
      <Filter>MRF 2.2 %28lib%29</Filter>
    </ClInclude>
    <ClInclude Include="libs\MRF2.2\energy.h">
      <Filter>MRF 2.2 %28lib%29</Filter>
    </ClInclude>
    <ClInclude Include="libs\MRF2.2\GCoptimization.h">
      <Filter>MRF 2.2 %28lib%29</Filter>
    </ClInclude>
    <ClInclude Include="libs\MRF2.2\graph.h">
      <Filter>MRF 2.2 %28lib%29</Filter>
    </ClInclude>
    <ClInclude Include="libs\MRF2.2\ICM.h">
      <Filter>MRF 2.2 %28lib%29</Filter>
    </ClInclude>
    <ClInclude Include="libs\MRF2.2\LinkedBlockList.h">
      <Filter>MRF 2.2 %28lib%29</Filter>
    </ClInclude>
    <ClInclude Include="libs\MRF2.2\MaxProdBP.h">
      <Filter>MRF 2.2 %28lib%29</Filter>
    </ClInclude>
    <ClInclude Include="libs\MRF2.2\mrf.h">
      <Filter>MRF 2.2 %28lib%29</Filter>
    </ClInclude>
    <ClInclude Include="libs\MRF2.2\regions-new.h">
      <Filter>MRF 2.2 %28lib%29</Filter>
    </ClInclude>
    <ClInclude Include="libs\MRF2.2\TRW-S.h">
      <Filter>MRF 2.2 %28lib%29</Filter>
    </ClInclude>
    <ClInclude Include="libs\MRF2.2\typeTruncatedQuadratic2D.h">
      <Filter>MRF 2.2 %28lib%29</Filter>
    </ClInclude>
    <ClInclude Include="LfpLoader.h">
      <Filter>Light Field</Filter>
    </ClInclude>
    <ClInclude Include="LightFieldPicture.h">
      <Filter>Light Field</Filter>
    </ClInclude>
    <ClInclude Include="lfpsplitter.h">
      <Filter>Light Field</Filter>
    </ClInclude>
    <ClInclude Include="ImageRenderer1.h">
      <Filter>Image Rendering</Filter>
    </ClInclude>
    <ClInclude Include="CDCDepthEstimator.h">
      <Filter>Depth Estimation</Filter>
    </ClInclude>
    <ClInclude Include="DepthEstimator1.h">
      <Filter>Depth Estimation</Filter>
    </ClInclude>
    <ClInclude Include="DepthEstimator.h">
      <Filter>Depth Estimation</Filter>
    </ClInclude>
    <ClInclude Include="StereoBMDisparityEstimator.h">
      <Filter>Depth Estimation</Filter>
    </ClInclude>
    <ClInclude Include="RGBDMerger.h">
      <Filter>Depth Map Fusion</Filter>
    </ClInclude>
    <ClInclude Include="RGBDMerger1.h">
      <Filter>Depth Map Fusion</Filter>
    </ClInclude>
    <ClInclude Include="ImageRenderer.h">
      <Filter>Image Rendering</Filter>
    </ClInclude>
    <ClInclude Include="ImageRenderer2.h">
      <Filter>Image Rendering</Filter>
    </ClInclude>
    <ClInclude Include="ImageRenderer3.h">
      <Filter>Image Rendering</Filter>
    </ClInclude>
    <ClInclude Include="NormalDistribution.h">
      <Filter>Image Rendering</Filter>
    </ClInclude>
  </ItemGroup>
</Project>